
Microsoft Visual Studio Solution File, Format Version 12.00
# Visual Studio Version 16
VisualStudioVersion = 16.0.29215.179
MinimumVisualStudioVersion = 10.0.40219.1
Project("{9A19103F-16F7-4668-BE54-9A1E7A4F7556}") = "SevenZip", "SevenZip\SevenZip.csproj", "{B52C5EB3-296B-4FA3-B0CD-3318D8AB5BD5}"
EndProject
Project("{9A19103F-16F7-4668-BE54-9A1E7A4F7556}") = "MassEffectModManagerCore", "MassEffectModManagerCore\MassEffectModManagerCore.csproj", "{728B680F-349C-4CC8-9344-600EF0BC47C6}"
	ProjectSection(ProjectDependencies) = postProject
		{A4D4392C-93C9-45F1-9A15-8A5F98FC7C8D} = {A4D4392C-93C9-45F1-9A15-8A5F98FC7C8D}
		{B52C5EB3-296B-4FA3-B0CD-3318D8AB5BD5} = {B52C5EB3-296B-4FA3-B0CD-3318D8AB5BD5}
		{D2A21FE1-68B5-4371-823D-D5F67A74D5FA} = {D2A21FE1-68B5-4371-823D-D5F67A74D5FA}
	EndProjectSection
EndProject
Project("{9A19103F-16F7-4668-BE54-9A1E7A4F7556}") = "MassEffectModManagerCore.Tests", "MassEffectModManagerCore.Tests\MassEffectModManagerCore.Tests.csproj", "{B153E541-F50A-4901-929D-F0874A3E32FB}"
EndProject
Project("{9A19103F-16F7-4668-BE54-9A1E7A4F7556}") = "TestDirectoryGenerator", "TestDirectoryGenerator\TestDirectoryGenerator.csproj", "{E6B48DD5-6806-45F5-BA06-1EE155E48FE5}"
EndProject
Project("{9A19103F-16F7-4668-BE54-9A1E7A4F7556}") = "TestArchiveGenerator", "TestArchiveGenerator\TestArchiveGenerator.csproj", "{C277F945-EB5C-40CB-9BE9-B7E635FF708C}"
EndProject
Project("{9A19103F-16F7-4668-BE54-9A1E7A4F7556}") = "DotNetProjects.Wpf.Extended.Toolkit", "WpfExtendedToolkit-Extended\Src\Xceed.Wpf.Toolkit\DotNetProjects.Wpf.Extended.Toolkit.csproj", "{12E619BE-3DCD-4695-91F0-E8E31EB79518}"
	ProjectSection(ProjectDependencies) = postProject
		{A4D4392C-93C9-45F1-9A15-8A5F98FC7C8D} = {A4D4392C-93C9-45F1-9A15-8A5F98FC7C8D}
		{00DD4053-D8DB-4EC6-B9D4-EE57FF30AF90} = {00DD4053-D8DB-4EC6-B9D4-EE57FF30AF90}
	EndProjectSection
EndProject
Project("{8BC9CEB8-8B4A-11D0-8D11-00A0C91BC942}") = "ME3TweaksUpdater", "Updater\Updater.vcxproj", "{5E5D5594-02C7-4EDC-94D2-10F1C21C232E}"
EndProject
Project("{9A19103F-16F7-4668-BE54-9A1E7A4F7556}") = "AdonisUI", "AdonisUI\AdonisUI.csproj", "{00DD4053-D8DB-4EC6-B9D4-EE57FF30AF90}"
EndProject
Project("{9A19103F-16F7-4668-BE54-9A1E7A4F7556}") = "AdonisUI.ClassicTheme", "AdonisUI.ClassicTheme\AdonisUI.ClassicTheme.csproj", "{A4D4392C-93C9-45F1-9A15-8A5F98FC7C8D}"
EndProject
Project("{9A19103F-16F7-4668-BE54-9A1E7A4F7556}") = "IniFileParser", "IniFileParser\IniFileParser.csproj", "{D2A21FE1-68B5-4371-823D-D5F67A74D5FA}"
EndProject
Global
	GlobalSection(SolutionConfigurationPlatforms) = preSolution
		Debug|Any CPU = Debug|Any CPU
		Debug|x64 = Debug|x64
		Debug|x86 = Debug|x86
		Release|Any CPU = Release|Any CPU
		Release|x64 = Release|x64
		Release|x86 = Release|x86
	EndGlobalSection
	GlobalSection(ProjectConfigurationPlatforms) = postSolution
		{B52C5EB3-296B-4FA3-B0CD-3318D8AB5BD5}.Debug|Any CPU.ActiveCfg = Debug|x64
		{B52C5EB3-296B-4FA3-B0CD-3318D8AB5BD5}.Debug|x64.ActiveCfg = Debug|x64
		{B52C5EB3-296B-4FA3-B0CD-3318D8AB5BD5}.Debug|x64.Build.0 = Debug|x64
		{B52C5EB3-296B-4FA3-B0CD-3318D8AB5BD5}.Debug|x86.ActiveCfg = Debug|x64
		{B52C5EB3-296B-4FA3-B0CD-3318D8AB5BD5}.Release|Any CPU.ActiveCfg = Release|x64
		{B52C5EB3-296B-4FA3-B0CD-3318D8AB5BD5}.Release|x64.ActiveCfg = Release|x64
		{B52C5EB3-296B-4FA3-B0CD-3318D8AB5BD5}.Release|x64.Build.0 = Release|x64
		{B52C5EB3-296B-4FA3-B0CD-3318D8AB5BD5}.Release|x86.ActiveCfg = Release|x64
		{728B680F-349C-4CC8-9344-600EF0BC47C6}.Debug|Any CPU.ActiveCfg = Debug|x64
		{728B680F-349C-4CC8-9344-600EF0BC47C6}.Debug|x64.ActiveCfg = Debug|x64
		{728B680F-349C-4CC8-9344-600EF0BC47C6}.Debug|x64.Build.0 = Debug|x64
		{728B680F-349C-4CC8-9344-600EF0BC47C6}.Debug|x86.ActiveCfg = Debug|x64
		{728B680F-349C-4CC8-9344-600EF0BC47C6}.Release|Any CPU.ActiveCfg = Release|x64
		{728B680F-349C-4CC8-9344-600EF0BC47C6}.Release|x64.ActiveCfg = Release|x64
		{728B680F-349C-4CC8-9344-600EF0BC47C6}.Release|x64.Build.0 = Release|x64
		{728B680F-349C-4CC8-9344-600EF0BC47C6}.Release|x86.ActiveCfg = Release|x64
		{B153E541-F50A-4901-929D-F0874A3E32FB}.Debug|Any CPU.ActiveCfg = Debug|x64
		{B153E541-F50A-4901-929D-F0874A3E32FB}.Debug|x64.ActiveCfg = Debug|x64
		{B153E541-F50A-4901-929D-F0874A3E32FB}.Debug|x64.Build.0 = Debug|x64
		{B153E541-F50A-4901-929D-F0874A3E32FB}.Debug|x86.ActiveCfg = Debug|x64
		{B153E541-F50A-4901-929D-F0874A3E32FB}.Release|Any CPU.ActiveCfg = Release|x64
		{B153E541-F50A-4901-929D-F0874A3E32FB}.Release|x64.ActiveCfg = Release|x64
		{B153E541-F50A-4901-929D-F0874A3E32FB}.Release|x64.Build.0 = Release|x64
		{B153E541-F50A-4901-929D-F0874A3E32FB}.Release|x86.ActiveCfg = Release|x64
		{E6B48DD5-6806-45F5-BA06-1EE155E48FE5}.Debug|Any CPU.ActiveCfg = Debug|x64
		{E6B48DD5-6806-45F5-BA06-1EE155E48FE5}.Debug|x64.ActiveCfg = Debug|x64
		{E6B48DD5-6806-45F5-BA06-1EE155E48FE5}.Debug|x64.Build.0 = Debug|x64
		{E6B48DD5-6806-45F5-BA06-1EE155E48FE5}.Debug|x86.ActiveCfg = Debug|x64
		{E6B48DD5-6806-45F5-BA06-1EE155E48FE5}.Release|Any CPU.ActiveCfg = Release|x64
		{E6B48DD5-6806-45F5-BA06-1EE155E48FE5}.Release|x64.ActiveCfg = Release|x64
		{E6B48DD5-6806-45F5-BA06-1EE155E48FE5}.Release|x64.Build.0 = Release|x64
		{E6B48DD5-6806-45F5-BA06-1EE155E48FE5}.Release|x86.ActiveCfg = Release|x64
		{C277F945-EB5C-40CB-9BE9-B7E635FF708C}.Debug|Any CPU.ActiveCfg = Debug|x64
		{C277F945-EB5C-40CB-9BE9-B7E635FF708C}.Debug|x64.ActiveCfg = Debug|x64
		{C277F945-EB5C-40CB-9BE9-B7E635FF708C}.Debug|x64.Build.0 = Debug|x64
		{C277F945-EB5C-40CB-9BE9-B7E635FF708C}.Debug|x86.ActiveCfg = Debug|x64
		{C277F945-EB5C-40CB-9BE9-B7E635FF708C}.Release|Any CPU.ActiveCfg = Release|x64
		{C277F945-EB5C-40CB-9BE9-B7E635FF708C}.Release|x64.ActiveCfg = Release|x64
		{C277F945-EB5C-40CB-9BE9-B7E635FF708C}.Release|x64.Build.0 = Release|x64
		{C277F945-EB5C-40CB-9BE9-B7E635FF708C}.Release|x86.ActiveCfg = Release|x64
		{12E619BE-3DCD-4695-91F0-E8E31EB79518}.Debug|Any CPU.ActiveCfg = Debug|x64
		{12E619BE-3DCD-4695-91F0-E8E31EB79518}.Debug|x64.ActiveCfg = Debug|x64
		{12E619BE-3DCD-4695-91F0-E8E31EB79518}.Debug|x64.Build.0 = Debug|x64
		{12E619BE-3DCD-4695-91F0-E8E31EB79518}.Debug|x86.ActiveCfg = Debug|x64
		{12E619BE-3DCD-4695-91F0-E8E31EB79518}.Release|Any CPU.ActiveCfg = Release|x64
		{12E619BE-3DCD-4695-91F0-E8E31EB79518}.Release|x64.ActiveCfg = Release|x64
		{12E619BE-3DCD-4695-91F0-E8E31EB79518}.Release|x64.Build.0 = Release|x64
		{12E619BE-3DCD-4695-91F0-E8E31EB79518}.Release|x86.ActiveCfg = Release|x64
		{5E5D5594-02C7-4EDC-94D2-10F1C21C232E}.Debug|Any CPU.ActiveCfg = Debug|x64
		{5E5D5594-02C7-4EDC-94D2-10F1C21C232E}.Debug|x64.ActiveCfg = Debug|x64
		{5E5D5594-02C7-4EDC-94D2-10F1C21C232E}.Debug|x64.Build.0 = Debug|x64
		{5E5D5594-02C7-4EDC-94D2-10F1C21C232E}.Debug|x86.ActiveCfg = Debug|x64
		{5E5D5594-02C7-4EDC-94D2-10F1C21C232E}.Release|Any CPU.ActiveCfg = Release|x64
		{5E5D5594-02C7-4EDC-94D2-10F1C21C232E}.Release|x64.ActiveCfg = Release|x64
		{5E5D5594-02C7-4EDC-94D2-10F1C21C232E}.Release|x64.Build.0 = Release|x64
		{5E5D5594-02C7-4EDC-94D2-10F1C21C232E}.Release|x86.ActiveCfg = Release|x64
		{00DD4053-D8DB-4EC6-B9D4-EE57FF30AF90}.Debug|Any CPU.ActiveCfg = Debug|Any CPU
		{00DD4053-D8DB-4EC6-B9D4-EE57FF30AF90}.Debug|Any CPU.Build.0 = Debug|Any CPU
		{00DD4053-D8DB-4EC6-B9D4-EE57FF30AF90}.Debug|x64.ActiveCfg = Debug|x64
		{00DD4053-D8DB-4EC6-B9D4-EE57FF30AF90}.Debug|x64.Build.0 = Debug|x64
		{00DD4053-D8DB-4EC6-B9D4-EE57FF30AF90}.Debug|x86.ActiveCfg = Debug|Any CPU
		{00DD4053-D8DB-4EC6-B9D4-EE57FF30AF90}.Debug|x86.Build.0 = Debug|Any CPU
		{00DD4053-D8DB-4EC6-B9D4-EE57FF30AF90}.Release|Any CPU.ActiveCfg = Release|Any CPU
		{00DD4053-D8DB-4EC6-B9D4-EE57FF30AF90}.Release|Any CPU.Build.0 = Release|Any CPU
		{00DD4053-D8DB-4EC6-B9D4-EE57FF30AF90}.Release|x64.ActiveCfg = Release|Any CPU
		{00DD4053-D8DB-4EC6-B9D4-EE57FF30AF90}.Release|x64.Build.0 = Release|Any CPU
		{00DD4053-D8DB-4EC6-B9D4-EE57FF30AF90}.Release|x86.ActiveCfg = Release|Any CPU
		{00DD4053-D8DB-4EC6-B9D4-EE57FF30AF90}.Release|x86.Build.0 = Release|Any CPU
		{A4D4392C-93C9-45F1-9A15-8A5F98FC7C8D}.Debug|Any CPU.ActiveCfg = Debug|Any CPU
		{A4D4392C-93C9-45F1-9A15-8A5F98FC7C8D}.Debug|Any CPU.Build.0 = Debug|Any CPU
		{A4D4392C-93C9-45F1-9A15-8A5F98FC7C8D}.Debug|x64.ActiveCfg = Debug|x64
		{A4D4392C-93C9-45F1-9A15-8A5F98FC7C8D}.Debug|x64.Build.0 = Debug|x64
		{A4D4392C-93C9-45F1-9A15-8A5F98FC7C8D}.Debug|x86.ActiveCfg = Debug|Any CPU
		{A4D4392C-93C9-45F1-9A15-8A5F98FC7C8D}.Debug|x86.Build.0 = Debug|Any CPU
		{A4D4392C-93C9-45F1-9A15-8A5F98FC7C8D}.Release|Any CPU.ActiveCfg = Release|Any CPU
		{A4D4392C-93C9-45F1-9A15-8A5F98FC7C8D}.Release|Any CPU.Build.0 = Release|Any CPU
		{A4D4392C-93C9-45F1-9A15-8A5F98FC7C8D}.Release|x64.ActiveCfg = Release|Any CPU
		{A4D4392C-93C9-45F1-9A15-8A5F98FC7C8D}.Release|x64.Build.0 = Release|Any CPU
		{A4D4392C-93C9-45F1-9A15-8A5F98FC7C8D}.Release|x86.ActiveCfg = Release|Any CPU
		{A4D4392C-93C9-45F1-9A15-8A5F98FC7C8D}.Release|x86.Build.0 = Release|Any CPU
		{D2A21FE1-68B5-4371-823D-D5F67A74D5FA}.Debug|Any CPU.ActiveCfg = Debug|Any CPU
		{D2A21FE1-68B5-4371-823D-D5F67A74D5FA}.Debug|Any CPU.Build.0 = Debug|Any CPU
		{D2A21FE1-68B5-4371-823D-D5F67A74D5FA}.Debug|x64.ActiveCfg = Debug|Any CPU
		{D2A21FE1-68B5-4371-823D-D5F67A74D5FA}.Debug|x64.Build.0 = Debug|Any CPU
		{D2A21FE1-68B5-4371-823D-D5F67A74D5FA}.Debug|x86.ActiveCfg = Debug|Any CPU
		{D2A21FE1-68B5-4371-823D-D5F67A74D5FA}.Debug|x86.Build.0 = Debug|Any CPU
		{D2A21FE1-68B5-4371-823D-D5F67A74D5FA}.Release|Any CPU.ActiveCfg = Release|Any CPU
		{D2A21FE1-68B5-4371-823D-D5F67A74D5FA}.Release|Any CPU.Build.0 = Release|Any CPU
		{D2A21FE1-68B5-4371-823D-D5F67A74D5FA}.Release|x64.ActiveCfg = Release|Any CPU
		{D2A21FE1-68B5-4371-823D-D5F67A74D5FA}.Release|x64.Build.0 = Release|Any CPU
		{D2A21FE1-68B5-4371-823D-D5F67A74D5FA}.Release|x86.ActiveCfg = Release|Any CPU
		{D2A21FE1-68B5-4371-823D-D5F67A74D5FA}.Release|x86.Build.0 = Release|Any CPU
	EndGlobalSection
	GlobalSection(SolutionProperties) = preSolution
		HideSolutionNode = FALSE
	EndGlobalSection
	GlobalSection(ExtensibilityGlobals) = postSolution
		SolutionGuid = {BACA3173-123A-4FAC-B620-03E3A92DB65C}
	EndGlobalSection
EndGlobal
