
Microsoft Visual Studio Solution File, Format Version 12.00
# Visual Studio Version 17
VisualStudioVersion = 17.1.32210.238
MinimumVisualStudioVersion = 10.0.40219.1
Project("{9A19103F-16F7-4668-BE54-9A1E7A4F7556}") = "SevenZip", "SevenZip\SevenZip.csproj", "{B52C5EB3-296B-4FA3-B0CD-3318D8AB5BD5}"
EndProject
Project("{9A19103F-16F7-4668-BE54-9A1E7A4F7556}") = "ME3TweaksModManager", "MassEffectModManagerCore\ME3TweaksModManager.csproj", "{728B680F-349C-4CC8-9344-600EF0BC47C6}"
	ProjectSection(ProjectDependencies) = postProject
		{A4D4392C-93C9-45F1-9A15-8A5F98FC7C8D} = {A4D4392C-93C9-45F1-9A15-8A5F98FC7C8D}
		{B52C5EB3-296B-4FA3-B0CD-3318D8AB5BD5} = {B52C5EB3-296B-4FA3-B0CD-3318D8AB5BD5}
		{D2A21FE1-68B5-4371-823D-D5F67A74D5FA} = {D2A21FE1-68B5-4371-823D-D5F67A74D5FA}
	EndProjectSection
EndProject
Project("{9A19103F-16F7-4668-BE54-9A1E7A4F7556}") = "ME3TweaksModManager.Tests", "MassEffectModManagerCore.Tests\ME3TweaksModManager.Tests.csproj", "{B153E541-F50A-4901-929D-F0874A3E32FB}"
EndProject
Project("{9A19103F-16F7-4668-BE54-9A1E7A4F7556}") = "TestDirectoryGenerator", "TestDirectoryGenerator\TestDirectoryGenerator.csproj", "{E6B48DD5-6806-45F5-BA06-1EE155E48FE5}"
EndProject
Project("{9A19103F-16F7-4668-BE54-9A1E7A4F7556}") = "TestArchiveGenerator", "TestArchiveGenerator\TestArchiveGenerator.csproj", "{C277F945-EB5C-40CB-9BE9-B7E635FF708C}"
EndProject
Project("{9A19103F-16F7-4668-BE54-9A1E7A4F7556}") = "DotNetProjects.Wpf.Extended.Toolkit", "WpfExtendedToolkit-Extended\Src\Xceed.Wpf.Toolkit\DotNetProjects.Wpf.Extended.Toolkit.csproj", "{12E619BE-3DCD-4695-91F0-E8E31EB79518}"
	ProjectSection(ProjectDependencies) = postProject
		{A4D4392C-93C9-45F1-9A15-8A5F98FC7C8D} = {A4D4392C-93C9-45F1-9A15-8A5F98FC7C8D}
		{00DD4053-D8DB-4EC6-B9D4-EE57FF30AF90} = {00DD4053-D8DB-4EC6-B9D4-EE57FF30AF90}
	EndProjectSection
EndProject
Project("{8BC9CEB8-8B4A-11D0-8D11-00A0C91BC942}") = "ME3TweaksUpdater", "Updater\Updater.vcxproj", "{5E5D5594-02C7-4EDC-94D2-10F1C21C232E}"
EndProject
Project("{9A19103F-16F7-4668-BE54-9A1E7A4F7556}") = "AdonisUI", "AdonisUI\AdonisUI.csproj", "{00DD4053-D8DB-4EC6-B9D4-EE57FF30AF90}"
EndProject
Project("{9A19103F-16F7-4668-BE54-9A1E7A4F7556}") = "AdonisUI.ClassicTheme", "AdonisUI.ClassicTheme\AdonisUI.ClassicTheme.csproj", "{A4D4392C-93C9-45F1-9A15-8A5F98FC7C8D}"
EndProject
Project("{9A19103F-16F7-4668-BE54-9A1E7A4F7556}") = "IniFileParser", "IniFileParser\IniFileParser.csproj", "{D2A21FE1-68B5-4371-823D-D5F67A74D5FA}"
EndProject
Project("{9A19103F-16F7-4668-BE54-9A1E7A4F7556}") = "LocalizationHelper", "LocalizationHelper\LocalizationHelper.csproj", "{57F86ADA-7636-4757-9434-85CB57A3D450}"
EndProject
Project("{8BC9CEB8-8B4A-11D0-8D11-00A0C91BC942}") = "ME3CMMShim", "ME3CMMShim\ME3CMMShim.vcxproj", "{EE6EA9EC-4000-4E22-A6DD-DD087BECADE1}"
EndProject
Project("{9A19103F-16F7-4668-BE54-9A1E7A4F7556}") = "ExecutableModParser", "ExecutableModParser\ExecutableModParser.csproj", "{9190323F-10A5-466B-9055-4697E734C039}"
EndProject
Project("{9A19103F-16F7-4668-BE54-9A1E7A4F7556}") = "LegendaryExplorerCore", "submodules\ME3TweaksCore\ME3TweaksCore\submodules\LegendaryExplorer\LegendaryExplorer\LegendaryExplorerCore\LegendaryExplorerCore.csproj", "{59F5A9F0-A31C-46EE-96BB-71CA43D15F92}"
EndProject
Project("{9A19103F-16F7-4668-BE54-9A1E7A4F7556}") = "RoboSharp", "submodules\ME3TweaksCore\ME3TweaksCore\submodules\RoboSharp\RoboSharp\RoboSharp.csproj", "{4EC4C82A-73DF-4A8D-924E-8474AA3D839E}"
EndProject
Project("{9A19103F-16F7-4668-BE54-9A1E7A4F7556}") = "ME3TweaksCore", "submodules\ME3TweaksCore\ME3TweaksCore\ME3TweaksCore.csproj", "{F80ED2FC-B1D7-408F-8FB5-02F1E28FEA25}"
EndProject
Project("{9A19103F-16F7-4668-BE54-9A1E7A4F7556}") = "ME3TweaksCoreWPF", "submodules\ME3TweaksCore\ME3TweaksCoreWPF\ME3TweaksCoreWPF.csproj", "{590811F4-A7F4-4B16-81C0-0576E4835FD8}"
EndProject
Project("{9A19103F-16F7-4668-BE54-9A1E7A4F7556}") = "ComputerInfo", "submodules\ME3TweaksCore\ME3TweaksCore\submodules\ComputerInfo\ComputerInfo\ComputerInfo.csproj", "{E38B3BE0-6B88-4675-BD1A-DBD676803ACF}"
EndProject
Project("{9A19103F-16F7-4668-BE54-9A1E7A4F7556}") = "NexusModTestGenerator", "NexusModTestGenerator\NexusModTestGenerator.csproj", "{1FBE4A2D-BB32-49D5-BD15-095C4BED56D6}"
EndProject
Project("{9A19103F-16F7-4668-BE54-9A1E7A4F7556}") = "ME3TweaksCore.Test", "submodules\ME3TweaksCore\ME3TweaksCore.Test\ME3TweaksCore.Test.csproj", "{E9CA2C01-0172-43B5-9E92-13D317B90FDC}"
EndProject
Global
	GlobalSection(SolutionConfigurationPlatforms) = preSolution
		Debug|Any CPU = Debug|Any CPU
		Debug|x64 = Debug|x64
		Release|Any CPU = Release|Any CPU
		Release|x64 = Release|x64
		WinAzureRelease|Any CPU = WinAzureRelease|Any CPU
		WinAzureRelease|x64 = WinAzureRelease|x64
		WinAzureTest|Any CPU = WinAzureTest|Any CPU
		WinAzureTest|x64 = WinAzureTest|x64
		WinDebug|Any CPU = WinDebug|Any CPU
		WinDebug|x64 = WinDebug|x64
		WinRelease|Any CPU = WinRelease|Any CPU
		WinRelease|x64 = WinRelease|x64
	EndGlobalSection
	GlobalSection(ProjectConfigurationPlatforms) = postSolution
		{B52C5EB3-296B-4FA3-B0CD-3318D8AB5BD5}.Debug|Any CPU.ActiveCfg = Debug|x64
		{B52C5EB3-296B-4FA3-B0CD-3318D8AB5BD5}.Debug|x64.ActiveCfg = Debug|x64
		{B52C5EB3-296B-4FA3-B0CD-3318D8AB5BD5}.Debug|x64.Build.0 = Debug|x64
		{B52C5EB3-296B-4FA3-B0CD-3318D8AB5BD5}.Release|Any CPU.ActiveCfg = Release|x64
		{B52C5EB3-296B-4FA3-B0CD-3318D8AB5BD5}.Release|x64.ActiveCfg = Release|x64
		{B52C5EB3-296B-4FA3-B0CD-3318D8AB5BD5}.Release|x64.Build.0 = Release|x64
		{B52C5EB3-296B-4FA3-B0CD-3318D8AB5BD5}.WinAzureRelease|Any CPU.ActiveCfg = Release|x64
		{B52C5EB3-296B-4FA3-B0CD-3318D8AB5BD5}.WinAzureRelease|Any CPU.Build.0 = Release|x64
		{B52C5EB3-296B-4FA3-B0CD-3318D8AB5BD5}.WinAzureRelease|x64.ActiveCfg = Release|x64
		{B52C5EB3-296B-4FA3-B0CD-3318D8AB5BD5}.WinAzureRelease|x64.Build.0 = Release|x64
		{B52C5EB3-296B-4FA3-B0CD-3318D8AB5BD5}.WinAzureTest|Any CPU.ActiveCfg = Release|x64
		{B52C5EB3-296B-4FA3-B0CD-3318D8AB5BD5}.WinAzureTest|Any CPU.Build.0 = Release|x64
		{B52C5EB3-296B-4FA3-B0CD-3318D8AB5BD5}.WinAzureTest|x64.ActiveCfg = Debug|x64
		{B52C5EB3-296B-4FA3-B0CD-3318D8AB5BD5}.WinAzureTest|x64.Build.0 = Debug|x64
		{B52C5EB3-296B-4FA3-B0CD-3318D8AB5BD5}.WinDebug|Any CPU.ActiveCfg = Release|x64
		{B52C5EB3-296B-4FA3-B0CD-3318D8AB5BD5}.WinDebug|Any CPU.Build.0 = Release|x64
		{B52C5EB3-296B-4FA3-B0CD-3318D8AB5BD5}.WinDebug|x64.ActiveCfg = Debug|x64
		{B52C5EB3-296B-4FA3-B0CD-3318D8AB5BD5}.WinDebug|x64.Build.0 = Debug|x64
		{B52C5EB3-296B-4FA3-B0CD-3318D8AB5BD5}.WinRelease|Any CPU.ActiveCfg = Release|x64
		{B52C5EB3-296B-4FA3-B0CD-3318D8AB5BD5}.WinRelease|Any CPU.Build.0 = Release|x64
		{B52C5EB3-296B-4FA3-B0CD-3318D8AB5BD5}.WinRelease|x64.ActiveCfg = Release|x64
		{B52C5EB3-296B-4FA3-B0CD-3318D8AB5BD5}.WinRelease|x64.Build.0 = Release|x64
		{728B680F-349C-4CC8-9344-600EF0BC47C6}.Debug|Any CPU.ActiveCfg = Debug|x64
		{728B680F-349C-4CC8-9344-600EF0BC47C6}.Debug|x64.ActiveCfg = Debug|x64
		{728B680F-349C-4CC8-9344-600EF0BC47C6}.Debug|x64.Build.0 = Debug|x64
		{728B680F-349C-4CC8-9344-600EF0BC47C6}.Release|Any CPU.ActiveCfg = Release|x64
		{728B680F-349C-4CC8-9344-600EF0BC47C6}.Release|x64.ActiveCfg = Release|x64
		{728B680F-349C-4CC8-9344-600EF0BC47C6}.Release|x64.Build.0 = Release|x64
		{728B680F-349C-4CC8-9344-600EF0BC47C6}.WinAzureRelease|Any CPU.ActiveCfg = Release|x64
		{728B680F-349C-4CC8-9344-600EF0BC47C6}.WinAzureRelease|Any CPU.Build.0 = Release|x64
		{728B680F-349C-4CC8-9344-600EF0BC47C6}.WinAzureRelease|x64.ActiveCfg = WinAzureRelease|x64
		{728B680F-349C-4CC8-9344-600EF0BC47C6}.WinAzureRelease|x64.Build.0 = WinAzureRelease|x64
		{728B680F-349C-4CC8-9344-600EF0BC47C6}.WinAzureTest|Any CPU.ActiveCfg = Release|x64
		{728B680F-349C-4CC8-9344-600EF0BC47C6}.WinAzureTest|Any CPU.Build.0 = Release|x64
		{728B680F-349C-4CC8-9344-600EF0BC47C6}.WinAzureTest|x64.ActiveCfg = WinAzureTest|x64
		{728B680F-349C-4CC8-9344-600EF0BC47C6}.WinAzureTest|x64.Build.0 = WinAzureTest|x64
		{728B680F-349C-4CC8-9344-600EF0BC47C6}.WinDebug|Any CPU.ActiveCfg = Release|x64
		{728B680F-349C-4CC8-9344-600EF0BC47C6}.WinDebug|Any CPU.Build.0 = Release|x64
		{728B680F-349C-4CC8-9344-600EF0BC47C6}.WinDebug|x64.ActiveCfg = Debug|x64
		{728B680F-349C-4CC8-9344-600EF0BC47C6}.WinDebug|x64.Build.0 = Debug|x64
		{728B680F-349C-4CC8-9344-600EF0BC47C6}.WinRelease|Any CPU.ActiveCfg = Release|x64
		{728B680F-349C-4CC8-9344-600EF0BC47C6}.WinRelease|Any CPU.Build.0 = Release|x64
		{728B680F-349C-4CC8-9344-600EF0BC47C6}.WinRelease|x64.ActiveCfg = Release|x64
		{728B680F-349C-4CC8-9344-600EF0BC47C6}.WinRelease|x64.Build.0 = Release|x64
		{B153E541-F50A-4901-929D-F0874A3E32FB}.Debug|Any CPU.ActiveCfg = Debug|x64
		{B153E541-F50A-4901-929D-F0874A3E32FB}.Debug|x64.ActiveCfg = Debug|x64
		{B153E541-F50A-4901-929D-F0874A3E32FB}.Debug|x64.Build.0 = Debug|x64
		{B153E541-F50A-4901-929D-F0874A3E32FB}.Release|Any CPU.ActiveCfg = Release|x64
		{B153E541-F50A-4901-929D-F0874A3E32FB}.Release|x64.ActiveCfg = Release|x64
		{B153E541-F50A-4901-929D-F0874A3E32FB}.Release|x64.Build.0 = Release|x64
		{B153E541-F50A-4901-929D-F0874A3E32FB}.WinAzureRelease|Any CPU.ActiveCfg = Release|x64
		{B153E541-F50A-4901-929D-F0874A3E32FB}.WinAzureRelease|Any CPU.Build.0 = Release|x64
		{B153E541-F50A-4901-929D-F0874A3E32FB}.WinAzureRelease|x64.ActiveCfg = WinAzureRelease|x64
		{B153E541-F50A-4901-929D-F0874A3E32FB}.WinAzureRelease|x64.Build.0 = WinAzureRelease|x64
		{B153E541-F50A-4901-929D-F0874A3E32FB}.WinAzureTest|Any CPU.ActiveCfg = Release|x64
		{B153E541-F50A-4901-929D-F0874A3E32FB}.WinAzureTest|Any CPU.Build.0 = Release|x64
		{B153E541-F50A-4901-929D-F0874A3E32FB}.WinAzureTest|x64.ActiveCfg = WinAzureTest|x64
		{B153E541-F50A-4901-929D-F0874A3E32FB}.WinAzureTest|x64.Build.0 = WinAzureTest|x64
		{B153E541-F50A-4901-929D-F0874A3E32FB}.WinDebug|Any CPU.ActiveCfg = Release|x64
		{B153E541-F50A-4901-929D-F0874A3E32FB}.WinDebug|Any CPU.Build.0 = Release|x64
		{B153E541-F50A-4901-929D-F0874A3E32FB}.WinDebug|x64.ActiveCfg = Debug|x64
		{B153E541-F50A-4901-929D-F0874A3E32FB}.WinDebug|x64.Build.0 = Debug|x64
		{B153E541-F50A-4901-929D-F0874A3E32FB}.WinRelease|Any CPU.ActiveCfg = Release|x64
		{B153E541-F50A-4901-929D-F0874A3E32FB}.WinRelease|Any CPU.Build.0 = Release|x64
		{B153E541-F50A-4901-929D-F0874A3E32FB}.WinRelease|x64.ActiveCfg = Release|x64
		{B153E541-F50A-4901-929D-F0874A3E32FB}.WinRelease|x64.Build.0 = Release|x64
		{E6B48DD5-6806-45F5-BA06-1EE155E48FE5}.Debug|Any CPU.ActiveCfg = Debug|x64
		{E6B48DD5-6806-45F5-BA06-1EE155E48FE5}.Debug|x64.ActiveCfg = Debug|x64
		{E6B48DD5-6806-45F5-BA06-1EE155E48FE5}.Debug|x64.Build.0 = Debug|x64
		{E6B48DD5-6806-45F5-BA06-1EE155E48FE5}.Release|Any CPU.ActiveCfg = Release|x64
		{E6B48DD5-6806-45F5-BA06-1EE155E48FE5}.Release|x64.ActiveCfg = Release|x64
		{E6B48DD5-6806-45F5-BA06-1EE155E48FE5}.Release|x64.Build.0 = Release|x64
		{E6B48DD5-6806-45F5-BA06-1EE155E48FE5}.WinAzureRelease|Any CPU.ActiveCfg = Release|x64
		{E6B48DD5-6806-45F5-BA06-1EE155E48FE5}.WinAzureRelease|Any CPU.Build.0 = Release|x64
		{E6B48DD5-6806-45F5-BA06-1EE155E48FE5}.WinAzureRelease|x64.ActiveCfg = Release|x64
		{E6B48DD5-6806-45F5-BA06-1EE155E48FE5}.WinAzureTest|Any CPU.ActiveCfg = Release|x64
		{E6B48DD5-6806-45F5-BA06-1EE155E48FE5}.WinAzureTest|Any CPU.Build.0 = Release|x64
		{E6B48DD5-6806-45F5-BA06-1EE155E48FE5}.WinAzureTest|x64.ActiveCfg = Debug|x64
		{E6B48DD5-6806-45F5-BA06-1EE155E48FE5}.WinAzureTest|x64.Build.0 = Debug|x64
		{E6B48DD5-6806-45F5-BA06-1EE155E48FE5}.WinDebug|Any CPU.ActiveCfg = Release|x64
		{E6B48DD5-6806-45F5-BA06-1EE155E48FE5}.WinDebug|Any CPU.Build.0 = Release|x64
		{E6B48DD5-6806-45F5-BA06-1EE155E48FE5}.WinDebug|x64.ActiveCfg = Debug|x64
		{E6B48DD5-6806-45F5-BA06-1EE155E48FE5}.WinDebug|x64.Build.0 = Debug|x64
		{E6B48DD5-6806-45F5-BA06-1EE155E48FE5}.WinRelease|Any CPU.ActiveCfg = Release|x64
		{E6B48DD5-6806-45F5-BA06-1EE155E48FE5}.WinRelease|Any CPU.Build.0 = Release|x64
		{E6B48DD5-6806-45F5-BA06-1EE155E48FE5}.WinRelease|x64.ActiveCfg = Release|x64
		{E6B48DD5-6806-45F5-BA06-1EE155E48FE5}.WinRelease|x64.Build.0 = Release|x64
		{C277F945-EB5C-40CB-9BE9-B7E635FF708C}.Debug|Any CPU.ActiveCfg = Debug|x64
		{C277F945-EB5C-40CB-9BE9-B7E635FF708C}.Debug|x64.ActiveCfg = Debug|x64
		{C277F945-EB5C-40CB-9BE9-B7E635FF708C}.Debug|x64.Build.0 = Debug|x64
		{C277F945-EB5C-40CB-9BE9-B7E635FF708C}.Release|Any CPU.ActiveCfg = Release|x64
		{C277F945-EB5C-40CB-9BE9-B7E635FF708C}.Release|x64.ActiveCfg = Release|x64
		{C277F945-EB5C-40CB-9BE9-B7E635FF708C}.Release|x64.Build.0 = Release|x64
		{C277F945-EB5C-40CB-9BE9-B7E635FF708C}.WinAzureRelease|Any CPU.ActiveCfg = Release|x64
		{C277F945-EB5C-40CB-9BE9-B7E635FF708C}.WinAzureRelease|Any CPU.Build.0 = Release|x64
		{C277F945-EB5C-40CB-9BE9-B7E635FF708C}.WinAzureRelease|x64.ActiveCfg = Release|x64
		{C277F945-EB5C-40CB-9BE9-B7E635FF708C}.WinAzureTest|Any CPU.ActiveCfg = Release|x64
		{C277F945-EB5C-40CB-9BE9-B7E635FF708C}.WinAzureTest|Any CPU.Build.0 = Release|x64
		{C277F945-EB5C-40CB-9BE9-B7E635FF708C}.WinAzureTest|x64.ActiveCfg = Debug|x64
		{C277F945-EB5C-40CB-9BE9-B7E635FF708C}.WinAzureTest|x64.Build.0 = Debug|x64
		{C277F945-EB5C-40CB-9BE9-B7E635FF708C}.WinDebug|Any CPU.ActiveCfg = Release|x64
		{C277F945-EB5C-40CB-9BE9-B7E635FF708C}.WinDebug|Any CPU.Build.0 = Release|x64
		{C277F945-EB5C-40CB-9BE9-B7E635FF708C}.WinDebug|x64.ActiveCfg = Debug|x64
		{C277F945-EB5C-40CB-9BE9-B7E635FF708C}.WinDebug|x64.Build.0 = Debug|x64
		{C277F945-EB5C-40CB-9BE9-B7E635FF708C}.WinRelease|Any CPU.ActiveCfg = Release|x64
		{C277F945-EB5C-40CB-9BE9-B7E635FF708C}.WinRelease|Any CPU.Build.0 = Release|x64
		{C277F945-EB5C-40CB-9BE9-B7E635FF708C}.WinRelease|x64.ActiveCfg = Release|x64
		{C277F945-EB5C-40CB-9BE9-B7E635FF708C}.WinRelease|x64.Build.0 = Release|x64
		{12E619BE-3DCD-4695-91F0-E8E31EB79518}.Debug|Any CPU.ActiveCfg = Debug|x64
		{12E619BE-3DCD-4695-91F0-E8E31EB79518}.Debug|x64.ActiveCfg = Debug|x64
		{12E619BE-3DCD-4695-91F0-E8E31EB79518}.Debug|x64.Build.0 = Debug|x64
		{12E619BE-3DCD-4695-91F0-E8E31EB79518}.Release|Any CPU.ActiveCfg = Release|x64
		{12E619BE-3DCD-4695-91F0-E8E31EB79518}.Release|x64.ActiveCfg = Release|x64
		{12E619BE-3DCD-4695-91F0-E8E31EB79518}.Release|x64.Build.0 = Release|x64
		{12E619BE-3DCD-4695-91F0-E8E31EB79518}.WinAzureRelease|Any CPU.ActiveCfg = Release|x64
		{12E619BE-3DCD-4695-91F0-E8E31EB79518}.WinAzureRelease|Any CPU.Build.0 = Release|x64
		{12E619BE-3DCD-4695-91F0-E8E31EB79518}.WinAzureRelease|x64.ActiveCfg = Release|x64
		{12E619BE-3DCD-4695-91F0-E8E31EB79518}.WinAzureRelease|x64.Build.0 = Release|x64
		{12E619BE-3DCD-4695-91F0-E8E31EB79518}.WinAzureTest|Any CPU.ActiveCfg = Release|x64
		{12E619BE-3DCD-4695-91F0-E8E31EB79518}.WinAzureTest|Any CPU.Build.0 = Release|x64
		{12E619BE-3DCD-4695-91F0-E8E31EB79518}.WinAzureTest|x64.ActiveCfg = Debug|x64
		{12E619BE-3DCD-4695-91F0-E8E31EB79518}.WinAzureTest|x64.Build.0 = Debug|x64
		{12E619BE-3DCD-4695-91F0-E8E31EB79518}.WinDebug|Any CPU.ActiveCfg = Release|x64
		{12E619BE-3DCD-4695-91F0-E8E31EB79518}.WinDebug|Any CPU.Build.0 = Release|x64
		{12E619BE-3DCD-4695-91F0-E8E31EB79518}.WinDebug|x64.ActiveCfg = Debug|x64
		{12E619BE-3DCD-4695-91F0-E8E31EB79518}.WinDebug|x64.Build.0 = Debug|x64
		{12E619BE-3DCD-4695-91F0-E8E31EB79518}.WinRelease|Any CPU.ActiveCfg = Release|x64
		{12E619BE-3DCD-4695-91F0-E8E31EB79518}.WinRelease|Any CPU.Build.0 = Release|x64
		{12E619BE-3DCD-4695-91F0-E8E31EB79518}.WinRelease|x64.ActiveCfg = Release|x64
		{12E619BE-3DCD-4695-91F0-E8E31EB79518}.WinRelease|x64.Build.0 = Release|x64
		{5E5D5594-02C7-4EDC-94D2-10F1C21C232E}.Debug|Any CPU.ActiveCfg = Debug|x64
		{5E5D5594-02C7-4EDC-94D2-10F1C21C232E}.Debug|x64.ActiveCfg = Debug|x64
		{5E5D5594-02C7-4EDC-94D2-10F1C21C232E}.Debug|x64.Build.0 = Debug|x64
		{5E5D5594-02C7-4EDC-94D2-10F1C21C232E}.Release|Any CPU.ActiveCfg = Release|x64
		{5E5D5594-02C7-4EDC-94D2-10F1C21C232E}.Release|x64.ActiveCfg = Release|x64
		{5E5D5594-02C7-4EDC-94D2-10F1C21C232E}.Release|x64.Build.0 = Release|x64
		{5E5D5594-02C7-4EDC-94D2-10F1C21C232E}.WinAzureRelease|Any CPU.ActiveCfg = Release|x64
		{5E5D5594-02C7-4EDC-94D2-10F1C21C232E}.WinAzureRelease|Any CPU.Build.0 = Release|x64
		{5E5D5594-02C7-4EDC-94D2-10F1C21C232E}.WinAzureRelease|x64.ActiveCfg = Release|x64
		{5E5D5594-02C7-4EDC-94D2-10F1C21C232E}.WinAzureRelease|x64.Build.0 = Release|x64
		{5E5D5594-02C7-4EDC-94D2-10F1C21C232E}.WinAzureTest|Any CPU.ActiveCfg = Release|x64
		{5E5D5594-02C7-4EDC-94D2-10F1C21C232E}.WinAzureTest|Any CPU.Build.0 = Release|x64
		{5E5D5594-02C7-4EDC-94D2-10F1C21C232E}.WinAzureTest|x64.ActiveCfg = Debug|x64
		{5E5D5594-02C7-4EDC-94D2-10F1C21C232E}.WinAzureTest|x64.Build.0 = Debug|x64
		{5E5D5594-02C7-4EDC-94D2-10F1C21C232E}.WinDebug|Any CPU.ActiveCfg = Release|x64
		{5E5D5594-02C7-4EDC-94D2-10F1C21C232E}.WinDebug|Any CPU.Build.0 = Release|x64
		{5E5D5594-02C7-4EDC-94D2-10F1C21C232E}.WinDebug|x64.ActiveCfg = Debug|x64
		{5E5D5594-02C7-4EDC-94D2-10F1C21C232E}.WinDebug|x64.Build.0 = Debug|x64
		{5E5D5594-02C7-4EDC-94D2-10F1C21C232E}.WinRelease|Any CPU.ActiveCfg = Release|x64
		{5E5D5594-02C7-4EDC-94D2-10F1C21C232E}.WinRelease|Any CPU.Build.0 = Release|x64
		{5E5D5594-02C7-4EDC-94D2-10F1C21C232E}.WinRelease|x64.ActiveCfg = Release|x64
		{5E5D5594-02C7-4EDC-94D2-10F1C21C232E}.WinRelease|x64.Build.0 = Release|x64
		{00DD4053-D8DB-4EC6-B9D4-EE57FF30AF90}.Debug|Any CPU.ActiveCfg = Debug|x64
		{00DD4053-D8DB-4EC6-B9D4-EE57FF30AF90}.Debug|x64.ActiveCfg = Debug|x64
		{00DD4053-D8DB-4EC6-B9D4-EE57FF30AF90}.Debug|x64.Build.0 = Debug|x64
		{00DD4053-D8DB-4EC6-B9D4-EE57FF30AF90}.Release|Any CPU.ActiveCfg = Release|x64
		{00DD4053-D8DB-4EC6-B9D4-EE57FF30AF90}.Release|x64.ActiveCfg = Release|x64
		{00DD4053-D8DB-4EC6-B9D4-EE57FF30AF90}.Release|x64.Build.0 = Release|x64
		{00DD4053-D8DB-4EC6-B9D4-EE57FF30AF90}.WinAzureRelease|Any CPU.ActiveCfg = Release|x64
		{00DD4053-D8DB-4EC6-B9D4-EE57FF30AF90}.WinAzureRelease|Any CPU.Build.0 = Release|x64
		{00DD4053-D8DB-4EC6-B9D4-EE57FF30AF90}.WinAzureRelease|x64.ActiveCfg = Release|x64
		{00DD4053-D8DB-4EC6-B9D4-EE57FF30AF90}.WinAzureRelease|x64.Build.0 = Release|x64
		{00DD4053-D8DB-4EC6-B9D4-EE57FF30AF90}.WinAzureTest|Any CPU.ActiveCfg = Release|x64
		{00DD4053-D8DB-4EC6-B9D4-EE57FF30AF90}.WinAzureTest|Any CPU.Build.0 = Release|x64
		{00DD4053-D8DB-4EC6-B9D4-EE57FF30AF90}.WinAzureTest|x64.ActiveCfg = Debug|x64
		{00DD4053-D8DB-4EC6-B9D4-EE57FF30AF90}.WinAzureTest|x64.Build.0 = Debug|x64
		{00DD4053-D8DB-4EC6-B9D4-EE57FF30AF90}.WinDebug|Any CPU.ActiveCfg = Release|x64
		{00DD4053-D8DB-4EC6-B9D4-EE57FF30AF90}.WinDebug|Any CPU.Build.0 = Release|x64
		{00DD4053-D8DB-4EC6-B9D4-EE57FF30AF90}.WinDebug|x64.ActiveCfg = Debug|x64
		{00DD4053-D8DB-4EC6-B9D4-EE57FF30AF90}.WinDebug|x64.Build.0 = Debug|x64
		{00DD4053-D8DB-4EC6-B9D4-EE57FF30AF90}.WinRelease|Any CPU.ActiveCfg = Release|x64
		{00DD4053-D8DB-4EC6-B9D4-EE57FF30AF90}.WinRelease|Any CPU.Build.0 = Release|x64
		{00DD4053-D8DB-4EC6-B9D4-EE57FF30AF90}.WinRelease|x64.ActiveCfg = Release|x64
		{00DD4053-D8DB-4EC6-B9D4-EE57FF30AF90}.WinRelease|x64.Build.0 = Release|x64
		{A4D4392C-93C9-45F1-9A15-8A5F98FC7C8D}.Debug|Any CPU.ActiveCfg = Debug|x64
		{A4D4392C-93C9-45F1-9A15-8A5F98FC7C8D}.Debug|x64.ActiveCfg = Debug|x64
		{A4D4392C-93C9-45F1-9A15-8A5F98FC7C8D}.Debug|x64.Build.0 = Debug|x64
		{A4D4392C-93C9-45F1-9A15-8A5F98FC7C8D}.Release|Any CPU.ActiveCfg = Release|x64
		{A4D4392C-93C9-45F1-9A15-8A5F98FC7C8D}.Release|x64.ActiveCfg = Release|x64
		{A4D4392C-93C9-45F1-9A15-8A5F98FC7C8D}.Release|x64.Build.0 = Release|x64
		{A4D4392C-93C9-45F1-9A15-8A5F98FC7C8D}.WinAzureRelease|Any CPU.ActiveCfg = Release|x64
		{A4D4392C-93C9-45F1-9A15-8A5F98FC7C8D}.WinAzureRelease|Any CPU.Build.0 = Release|x64
		{A4D4392C-93C9-45F1-9A15-8A5F98FC7C8D}.WinAzureRelease|x64.ActiveCfg = Release|x64
		{A4D4392C-93C9-45F1-9A15-8A5F98FC7C8D}.WinAzureRelease|x64.Build.0 = Release|x64
		{A4D4392C-93C9-45F1-9A15-8A5F98FC7C8D}.WinAzureTest|Any CPU.ActiveCfg = Release|x64
		{A4D4392C-93C9-45F1-9A15-8A5F98FC7C8D}.WinAzureTest|Any CPU.Build.0 = Release|x64
		{A4D4392C-93C9-45F1-9A15-8A5F98FC7C8D}.WinAzureTest|x64.ActiveCfg = Debug|x64
		{A4D4392C-93C9-45F1-9A15-8A5F98FC7C8D}.WinAzureTest|x64.Build.0 = Debug|x64
		{A4D4392C-93C9-45F1-9A15-8A5F98FC7C8D}.WinDebug|Any CPU.ActiveCfg = Release|x64
		{A4D4392C-93C9-45F1-9A15-8A5F98FC7C8D}.WinDebug|Any CPU.Build.0 = Release|x64
		{A4D4392C-93C9-45F1-9A15-8A5F98FC7C8D}.WinDebug|x64.ActiveCfg = Debug|x64
		{A4D4392C-93C9-45F1-9A15-8A5F98FC7C8D}.WinDebug|x64.Build.0 = Debug|x64
		{A4D4392C-93C9-45F1-9A15-8A5F98FC7C8D}.WinRelease|Any CPU.ActiveCfg = Release|x64
		{A4D4392C-93C9-45F1-9A15-8A5F98FC7C8D}.WinRelease|Any CPU.Build.0 = Release|x64
		{A4D4392C-93C9-45F1-9A15-8A5F98FC7C8D}.WinRelease|x64.ActiveCfg = Release|x64
		{A4D4392C-93C9-45F1-9A15-8A5F98FC7C8D}.WinRelease|x64.Build.0 = Release|x64
		{D2A21FE1-68B5-4371-823D-D5F67A74D5FA}.Debug|Any CPU.ActiveCfg = Debug|x64
		{D2A21FE1-68B5-4371-823D-D5F67A74D5FA}.Debug|x64.ActiveCfg = Debug|x64
		{D2A21FE1-68B5-4371-823D-D5F67A74D5FA}.Debug|x64.Build.0 = Debug|x64
		{D2A21FE1-68B5-4371-823D-D5F67A74D5FA}.Release|Any CPU.ActiveCfg = Release|x64
		{D2A21FE1-68B5-4371-823D-D5F67A74D5FA}.Release|x64.ActiveCfg = Release|x64
		{D2A21FE1-68B5-4371-823D-D5F67A74D5FA}.Release|x64.Build.0 = Release|x64
		{D2A21FE1-68B5-4371-823D-D5F67A74D5FA}.WinAzureRelease|Any CPU.ActiveCfg = Release|x64
		{D2A21FE1-68B5-4371-823D-D5F67A74D5FA}.WinAzureRelease|Any CPU.Build.0 = Release|x64
		{D2A21FE1-68B5-4371-823D-D5F67A74D5FA}.WinAzureRelease|x64.ActiveCfg = Release|x64
		{D2A21FE1-68B5-4371-823D-D5F67A74D5FA}.WinAzureRelease|x64.Build.0 = Release|x64
		{D2A21FE1-68B5-4371-823D-D5F67A74D5FA}.WinAzureTest|Any CPU.ActiveCfg = Release|x64
		{D2A21FE1-68B5-4371-823D-D5F67A74D5FA}.WinAzureTest|Any CPU.Build.0 = Release|x64
		{D2A21FE1-68B5-4371-823D-D5F67A74D5FA}.WinAzureTest|x64.ActiveCfg = Debug|x64
		{D2A21FE1-68B5-4371-823D-D5F67A74D5FA}.WinAzureTest|x64.Build.0 = Debug|x64
		{D2A21FE1-68B5-4371-823D-D5F67A74D5FA}.WinDebug|Any CPU.ActiveCfg = Release|x64
		{D2A21FE1-68B5-4371-823D-D5F67A74D5FA}.WinDebug|Any CPU.Build.0 = Release|x64
		{D2A21FE1-68B5-4371-823D-D5F67A74D5FA}.WinDebug|x64.ActiveCfg = Debug|x64
		{D2A21FE1-68B5-4371-823D-D5F67A74D5FA}.WinDebug|x64.Build.0 = Debug|x64
		{D2A21FE1-68B5-4371-823D-D5F67A74D5FA}.WinRelease|Any CPU.ActiveCfg = Release|x64
		{D2A21FE1-68B5-4371-823D-D5F67A74D5FA}.WinRelease|Any CPU.Build.0 = Release|x64
		{D2A21FE1-68B5-4371-823D-D5F67A74D5FA}.WinRelease|x64.ActiveCfg = Release|x64
		{D2A21FE1-68B5-4371-823D-D5F67A74D5FA}.WinRelease|x64.Build.0 = Release|x64
		{57F86ADA-7636-4757-9434-85CB57A3D450}.Debug|Any CPU.ActiveCfg = Debug|x64
		{57F86ADA-7636-4757-9434-85CB57A3D450}.Debug|x64.ActiveCfg = Debug|x64
		{57F86ADA-7636-4757-9434-85CB57A3D450}.Debug|x64.Build.0 = Debug|x64
		{57F86ADA-7636-4757-9434-85CB57A3D450}.Release|Any CPU.ActiveCfg = Release|x64
		{57F86ADA-7636-4757-9434-85CB57A3D450}.Release|x64.ActiveCfg = Release|x64
		{57F86ADA-7636-4757-9434-85CB57A3D450}.Release|x64.Build.0 = Release|x64
		{57F86ADA-7636-4757-9434-85CB57A3D450}.WinAzureRelease|Any CPU.ActiveCfg = Release|x64
		{57F86ADA-7636-4757-9434-85CB57A3D450}.WinAzureRelease|Any CPU.Build.0 = Release|x64
		{57F86ADA-7636-4757-9434-85CB57A3D450}.WinAzureRelease|x64.ActiveCfg = Release|x64
		{57F86ADA-7636-4757-9434-85CB57A3D450}.WinAzureTest|Any CPU.ActiveCfg = Release|x64
		{57F86ADA-7636-4757-9434-85CB57A3D450}.WinAzureTest|Any CPU.Build.0 = Release|x64
		{57F86ADA-7636-4757-9434-85CB57A3D450}.WinAzureTest|x64.ActiveCfg = Debug|x64
		{57F86ADA-7636-4757-9434-85CB57A3D450}.WinAzureTest|x64.Build.0 = Debug|x64
		{57F86ADA-7636-4757-9434-85CB57A3D450}.WinDebug|Any CPU.ActiveCfg = Release|x64
		{57F86ADA-7636-4757-9434-85CB57A3D450}.WinDebug|Any CPU.Build.0 = Release|x64
		{57F86ADA-7636-4757-9434-85CB57A3D450}.WinDebug|x64.ActiveCfg = Debug|x64
		{57F86ADA-7636-4757-9434-85CB57A3D450}.WinDebug|x64.Build.0 = Debug|x64
		{57F86ADA-7636-4757-9434-85CB57A3D450}.WinRelease|Any CPU.ActiveCfg = Release|x64
		{57F86ADA-7636-4757-9434-85CB57A3D450}.WinRelease|Any CPU.Build.0 = Release|x64
		{57F86ADA-7636-4757-9434-85CB57A3D450}.WinRelease|x64.ActiveCfg = Release|x64
		{57F86ADA-7636-4757-9434-85CB57A3D450}.WinRelease|x64.Build.0 = Release|x64
		{EE6EA9EC-4000-4E22-A6DD-DD087BECADE1}.Debug|Any CPU.ActiveCfg = Debug|x64
		{EE6EA9EC-4000-4E22-A6DD-DD087BECADE1}.Debug|x64.ActiveCfg = Debug|x64
		{EE6EA9EC-4000-4E22-A6DD-DD087BECADE1}.Debug|x64.Build.0 = Debug|x64
		{EE6EA9EC-4000-4E22-A6DD-DD087BECADE1}.Release|Any CPU.ActiveCfg = Release|x64
		{EE6EA9EC-4000-4E22-A6DD-DD087BECADE1}.Release|x64.ActiveCfg = Release|x64
		{EE6EA9EC-4000-4E22-A6DD-DD087BECADE1}.Release|x64.Build.0 = Release|x64
		{EE6EA9EC-4000-4E22-A6DD-DD087BECADE1}.WinAzureRelease|Any CPU.ActiveCfg = Release|x64
		{EE6EA9EC-4000-4E22-A6DD-DD087BECADE1}.WinAzureRelease|Any CPU.Build.0 = Release|x64
		{EE6EA9EC-4000-4E22-A6DD-DD087BECADE1}.WinAzureRelease|x64.ActiveCfg = Release|x64
		{EE6EA9EC-4000-4E22-A6DD-DD087BECADE1}.WinAzureRelease|x64.Build.0 = Release|x64
		{EE6EA9EC-4000-4E22-A6DD-DD087BECADE1}.WinAzureTest|Any CPU.ActiveCfg = Release|x64
		{EE6EA9EC-4000-4E22-A6DD-DD087BECADE1}.WinAzureTest|Any CPU.Build.0 = Release|x64
		{EE6EA9EC-4000-4E22-A6DD-DD087BECADE1}.WinAzureTest|x64.ActiveCfg = Debug|x64
		{EE6EA9EC-4000-4E22-A6DD-DD087BECADE1}.WinAzureTest|x64.Build.0 = Debug|x64
		{EE6EA9EC-4000-4E22-A6DD-DD087BECADE1}.WinDebug|Any CPU.ActiveCfg = Release|x64
		{EE6EA9EC-4000-4E22-A6DD-DD087BECADE1}.WinDebug|Any CPU.Build.0 = Release|x64
		{EE6EA9EC-4000-4E22-A6DD-DD087BECADE1}.WinDebug|x64.ActiveCfg = Debug|x64
		{EE6EA9EC-4000-4E22-A6DD-DD087BECADE1}.WinDebug|x64.Build.0 = Debug|x64
		{EE6EA9EC-4000-4E22-A6DD-DD087BECADE1}.WinRelease|Any CPU.ActiveCfg = Release|x64
		{EE6EA9EC-4000-4E22-A6DD-DD087BECADE1}.WinRelease|Any CPU.Build.0 = Release|x64
		{EE6EA9EC-4000-4E22-A6DD-DD087BECADE1}.WinRelease|x64.ActiveCfg = Release|x64
		{EE6EA9EC-4000-4E22-A6DD-DD087BECADE1}.WinRelease|x64.Build.0 = Release|x64
		{9190323F-10A5-466B-9055-4697E734C039}.Debug|Any CPU.ActiveCfg = Debug|x64
		{9190323F-10A5-466B-9055-4697E734C039}.Debug|x64.ActiveCfg = Debug|x64
		{9190323F-10A5-466B-9055-4697E734C039}.Debug|x64.Build.0 = Debug|x64
		{9190323F-10A5-466B-9055-4697E734C039}.Release|Any CPU.ActiveCfg = Release|x64
		{9190323F-10A5-466B-9055-4697E734C039}.Release|x64.ActiveCfg = Release|x64
		{9190323F-10A5-466B-9055-4697E734C039}.WinAzureRelease|Any CPU.ActiveCfg = Release|x64
		{9190323F-10A5-466B-9055-4697E734C039}.WinAzureRelease|Any CPU.Build.0 = Release|x64
		{9190323F-10A5-466B-9055-4697E734C039}.WinAzureRelease|x64.ActiveCfg = Release|x64
		{9190323F-10A5-466B-9055-4697E734C039}.WinAzureTest|Any CPU.ActiveCfg = Release|x64
		{9190323F-10A5-466B-9055-4697E734C039}.WinAzureTest|Any CPU.Build.0 = Release|x64
		{9190323F-10A5-466B-9055-4697E734C039}.WinAzureTest|x64.ActiveCfg = Debug|x64
		{9190323F-10A5-466B-9055-4697E734C039}.WinAzureTest|x64.Build.0 = Debug|x64
		{9190323F-10A5-466B-9055-4697E734C039}.WinDebug|Any CPU.ActiveCfg = Release|x64
		{9190323F-10A5-466B-9055-4697E734C039}.WinDebug|Any CPU.Build.0 = Release|x64
		{9190323F-10A5-466B-9055-4697E734C039}.WinDebug|x64.ActiveCfg = Debug|x64
		{9190323F-10A5-466B-9055-4697E734C039}.WinRelease|Any CPU.ActiveCfg = Release|x64
		{9190323F-10A5-466B-9055-4697E734C039}.WinRelease|Any CPU.Build.0 = Release|x64
		{9190323F-10A5-466B-9055-4697E734C039}.WinRelease|x64.ActiveCfg = Release|x64
		{59F5A9F0-A31C-46EE-96BB-71CA43D15F92}.Debug|Any CPU.ActiveCfg = WinDebug|x64
		{59F5A9F0-A31C-46EE-96BB-71CA43D15F92}.Debug|Any CPU.Build.0 = WinDebug|x64
		{59F5A9F0-A31C-46EE-96BB-71CA43D15F92}.Debug|x64.ActiveCfg = WinDebug|x64
		{59F5A9F0-A31C-46EE-96BB-71CA43D15F92}.Debug|x64.Build.0 = WinDebug|x64
		{59F5A9F0-A31C-46EE-96BB-71CA43D15F92}.Release|Any CPU.ActiveCfg = WinDebug|x64
		{59F5A9F0-A31C-46EE-96BB-71CA43D15F92}.Release|Any CPU.Build.0 = WinDebug|x64
		{59F5A9F0-A31C-46EE-96BB-71CA43D15F92}.Release|x64.ActiveCfg = WinRelease|x64
		{59F5A9F0-A31C-46EE-96BB-71CA43D15F92}.Release|x64.Build.0 = WinRelease|x64
		{59F5A9F0-A31C-46EE-96BB-71CA43D15F92}.WinAzureRelease|Any CPU.ActiveCfg = WinAzureRelease|x64
		{59F5A9F0-A31C-46EE-96BB-71CA43D15F92}.WinAzureRelease|x64.ActiveCfg = WinAzureTest|x64
		{59F5A9F0-A31C-46EE-96BB-71CA43D15F92}.WinAzureRelease|x64.Build.0 = WinAzureTest|x64
		{59F5A9F0-A31C-46EE-96BB-71CA43D15F92}.WinAzureTest|Any CPU.ActiveCfg = WinAzureTest|x64
		{59F5A9F0-A31C-46EE-96BB-71CA43D15F92}.WinAzureTest|x64.ActiveCfg = WinAzureTest|x64
		{59F5A9F0-A31C-46EE-96BB-71CA43D15F92}.WinAzureTest|x64.Build.0 = WinAzureTest|x64
		{59F5A9F0-A31C-46EE-96BB-71CA43D15F92}.WinDebug|Any CPU.ActiveCfg = WinDebug|x64
		{59F5A9F0-A31C-46EE-96BB-71CA43D15F92}.WinDebug|x64.ActiveCfg = WinDebug|x64
		{59F5A9F0-A31C-46EE-96BB-71CA43D15F92}.WinDebug|x64.Build.0 = WinDebug|x64
		{59F5A9F0-A31C-46EE-96BB-71CA43D15F92}.WinRelease|Any CPU.ActiveCfg = WinRelease|x64
		{59F5A9F0-A31C-46EE-96BB-71CA43D15F92}.WinRelease|x64.ActiveCfg = WinRelease|x64
		{59F5A9F0-A31C-46EE-96BB-71CA43D15F92}.WinRelease|x64.Build.0 = WinRelease|x64
		{4EC4C82A-73DF-4A8D-924E-8474AA3D839E}.Debug|Any CPU.ActiveCfg = Debug|Any CPU
		{4EC4C82A-73DF-4A8D-924E-8474AA3D839E}.Debug|Any CPU.Build.0 = Debug|Any CPU
		{4EC4C82A-73DF-4A8D-924E-8474AA3D839E}.Debug|x64.ActiveCfg = Debug|Any CPU
		{4EC4C82A-73DF-4A8D-924E-8474AA3D839E}.Debug|x64.Build.0 = Debug|Any CPU
		{4EC4C82A-73DF-4A8D-924E-8474AA3D839E}.Release|Any CPU.ActiveCfg = Release|Any CPU
		{4EC4C82A-73DF-4A8D-924E-8474AA3D839E}.Release|Any CPU.Build.0 = Release|Any CPU
		{4EC4C82A-73DF-4A8D-924E-8474AA3D839E}.Release|x64.ActiveCfg = Release|Any CPU
		{4EC4C82A-73DF-4A8D-924E-8474AA3D839E}.Release|x64.Build.0 = Release|Any CPU
		{4EC4C82A-73DF-4A8D-924E-8474AA3D839E}.WinAzureRelease|Any CPU.ActiveCfg = Release|Any CPU
		{4EC4C82A-73DF-4A8D-924E-8474AA3D839E}.WinAzureRelease|Any CPU.Build.0 = Release|Any CPU
		{4EC4C82A-73DF-4A8D-924E-8474AA3D839E}.WinAzureRelease|x64.ActiveCfg = Release|Any CPU
		{4EC4C82A-73DF-4A8D-924E-8474AA3D839E}.WinAzureTest|Any CPU.ActiveCfg = Debug|Any CPU
		{4EC4C82A-73DF-4A8D-924E-8474AA3D839E}.WinAzureTest|Any CPU.Build.0 = Debug|Any CPU
		{4EC4C82A-73DF-4A8D-924E-8474AA3D839E}.WinAzureTest|x64.ActiveCfg = Debug|Any CPU
		{4EC4C82A-73DF-4A8D-924E-8474AA3D839E}.WinAzureTest|x64.Build.0 = Debug|Any CPU
		{4EC4C82A-73DF-4A8D-924E-8474AA3D839E}.WinDebug|Any CPU.ActiveCfg = Debug|Any CPU
		{4EC4C82A-73DF-4A8D-924E-8474AA3D839E}.WinDebug|Any CPU.Build.0 = Debug|Any CPU
		{4EC4C82A-73DF-4A8D-924E-8474AA3D839E}.WinDebug|x64.ActiveCfg = Debug|Any CPU
		{4EC4C82A-73DF-4A8D-924E-8474AA3D839E}.WinDebug|x64.Build.0 = Debug|Any CPU
		{4EC4C82A-73DF-4A8D-924E-8474AA3D839E}.WinRelease|Any CPU.ActiveCfg = Release|Any CPU
		{4EC4C82A-73DF-4A8D-924E-8474AA3D839E}.WinRelease|Any CPU.Build.0 = Release|Any CPU
		{4EC4C82A-73DF-4A8D-924E-8474AA3D839E}.WinRelease|x64.ActiveCfg = Release|Any CPU
		{4EC4C82A-73DF-4A8D-924E-8474AA3D839E}.WinRelease|x64.Build.0 = Release|Any CPU
		{F80ED2FC-B1D7-408F-8FB5-02F1E28FEA25}.Debug|Any CPU.ActiveCfg = Debug|x64
		{F80ED2FC-B1D7-408F-8FB5-02F1E28FEA25}.Debug|x64.ActiveCfg = Debug|x64
		{F80ED2FC-B1D7-408F-8FB5-02F1E28FEA25}.Debug|x64.Build.0 = Debug|x64
		{F80ED2FC-B1D7-408F-8FB5-02F1E28FEA25}.Release|Any CPU.ActiveCfg = Release|x64
		{F80ED2FC-B1D7-408F-8FB5-02F1E28FEA25}.Release|x64.ActiveCfg = Release|x64
		{F80ED2FC-B1D7-408F-8FB5-02F1E28FEA25}.Release|x64.Build.0 = Release|x64
		{F80ED2FC-B1D7-408F-8FB5-02F1E28FEA25}.WinAzureRelease|Any CPU.ActiveCfg = Debug|x64
		{F80ED2FC-B1D7-408F-8FB5-02F1E28FEA25}.WinAzureRelease|Any CPU.Build.0 = Debug|x64
		{F80ED2FC-B1D7-408F-8FB5-02F1E28FEA25}.WinAzureRelease|x64.ActiveCfg = Release|x64
		{F80ED2FC-B1D7-408F-8FB5-02F1E28FEA25}.WinAzureRelease|x64.Build.0 = Release|x64
		{F80ED2FC-B1D7-408F-8FB5-02F1E28FEA25}.WinAzureTest|Any CPU.ActiveCfg = Debug|x64
		{F80ED2FC-B1D7-408F-8FB5-02F1E28FEA25}.WinAzureTest|Any CPU.Build.0 = Debug|x64
		{F80ED2FC-B1D7-408F-8FB5-02F1E28FEA25}.WinAzureTest|x64.ActiveCfg = Debug|x64
		{F80ED2FC-B1D7-408F-8FB5-02F1E28FEA25}.WinAzureTest|x64.Build.0 = Debug|x64
		{F80ED2FC-B1D7-408F-8FB5-02F1E28FEA25}.WinDebug|Any CPU.ActiveCfg = Debug|x64
		{F80ED2FC-B1D7-408F-8FB5-02F1E28FEA25}.WinDebug|Any CPU.Build.0 = Debug|x64
		{F80ED2FC-B1D7-408F-8FB5-02F1E28FEA25}.WinDebug|x64.ActiveCfg = Debug|x64
		{F80ED2FC-B1D7-408F-8FB5-02F1E28FEA25}.WinDebug|x64.Build.0 = Debug|x64
		{F80ED2FC-B1D7-408F-8FB5-02F1E28FEA25}.WinRelease|Any CPU.ActiveCfg = Debug|x64
		{F80ED2FC-B1D7-408F-8FB5-02F1E28FEA25}.WinRelease|Any CPU.Build.0 = Debug|x64
		{F80ED2FC-B1D7-408F-8FB5-02F1E28FEA25}.WinRelease|x64.ActiveCfg = Release|x64
		{F80ED2FC-B1D7-408F-8FB5-02F1E28FEA25}.WinRelease|x64.Build.0 = Release|x64
		{590811F4-A7F4-4B16-81C0-0576E4835FD8}.Debug|Any CPU.ActiveCfg = Debug|x64
		{590811F4-A7F4-4B16-81C0-0576E4835FD8}.Debug|x64.ActiveCfg = Debug|x64
		{590811F4-A7F4-4B16-81C0-0576E4835FD8}.Debug|x64.Build.0 = Debug|x64
		{590811F4-A7F4-4B16-81C0-0576E4835FD8}.Release|Any CPU.ActiveCfg = Release|x64
		{590811F4-A7F4-4B16-81C0-0576E4835FD8}.Release|x64.ActiveCfg = Release|x64
		{590811F4-A7F4-4B16-81C0-0576E4835FD8}.Release|x64.Build.0 = Release|x64
		{590811F4-A7F4-4B16-81C0-0576E4835FD8}.WinAzureRelease|Any CPU.ActiveCfg = Debug|x64
		{590811F4-A7F4-4B16-81C0-0576E4835FD8}.WinAzureRelease|Any CPU.Build.0 = Debug|x64
		{590811F4-A7F4-4B16-81C0-0576E4835FD8}.WinAzureRelease|x64.ActiveCfg = Release|x64
		{590811F4-A7F4-4B16-81C0-0576E4835FD8}.WinAzureRelease|x64.Build.0 = Release|x64
		{590811F4-A7F4-4B16-81C0-0576E4835FD8}.WinAzureTest|Any CPU.ActiveCfg = Debug|x64
		{590811F4-A7F4-4B16-81C0-0576E4835FD8}.WinAzureTest|Any CPU.Build.0 = Debug|x64
		{590811F4-A7F4-4B16-81C0-0576E4835FD8}.WinAzureTest|x64.ActiveCfg = Debug|x64
		{590811F4-A7F4-4B16-81C0-0576E4835FD8}.WinAzureTest|x64.Build.0 = Debug|x64
		{590811F4-A7F4-4B16-81C0-0576E4835FD8}.WinDebug|Any CPU.ActiveCfg = Debug|x64
		{590811F4-A7F4-4B16-81C0-0576E4835FD8}.WinDebug|Any CPU.Build.0 = Debug|x64
		{590811F4-A7F4-4B16-81C0-0576E4835FD8}.WinDebug|x64.ActiveCfg = Debug|x64
		{590811F4-A7F4-4B16-81C0-0576E4835FD8}.WinDebug|x64.Build.0 = Debug|x64
		{590811F4-A7F4-4B16-81C0-0576E4835FD8}.WinRelease|Any CPU.ActiveCfg = Debug|x64
		{590811F4-A7F4-4B16-81C0-0576E4835FD8}.WinRelease|Any CPU.Build.0 = Debug|x64
		{590811F4-A7F4-4B16-81C0-0576E4835FD8}.WinRelease|x64.ActiveCfg = Release|x64
		{590811F4-A7F4-4B16-81C0-0576E4835FD8}.WinRelease|x64.Build.0 = Release|x64
		{E38B3BE0-6B88-4675-BD1A-DBD676803ACF}.Debug|Any CPU.ActiveCfg = Debug|x64
		{E38B3BE0-6B88-4675-BD1A-DBD676803ACF}.Debug|x64.ActiveCfg = Debug|x64
		{E38B3BE0-6B88-4675-BD1A-DBD676803ACF}.Debug|x64.Build.0 = Debug|x64
		{E38B3BE0-6B88-4675-BD1A-DBD676803ACF}.Release|Any CPU.ActiveCfg = Release|x64
		{E38B3BE0-6B88-4675-BD1A-DBD676803ACF}.Release|x64.ActiveCfg = Release|x64
		{E38B3BE0-6B88-4675-BD1A-DBD676803ACF}.Release|x64.Build.0 = Release|x64
		{E38B3BE0-6B88-4675-BD1A-DBD676803ACF}.WinAzureRelease|Any CPU.ActiveCfg = Debug|x64
		{E38B3BE0-6B88-4675-BD1A-DBD676803ACF}.WinAzureRelease|Any CPU.Build.0 = Debug|x64
		{E38B3BE0-6B88-4675-BD1A-DBD676803ACF}.WinAzureRelease|x64.ActiveCfg = Release|x64
		{E38B3BE0-6B88-4675-BD1A-DBD676803ACF}.WinAzureRelease|x64.Build.0 = Release|x64
		{E38B3BE0-6B88-4675-BD1A-DBD676803ACF}.WinAzureTest|Any CPU.ActiveCfg = Debug|x64
		{E38B3BE0-6B88-4675-BD1A-DBD676803ACF}.WinAzureTest|Any CPU.Build.0 = Debug|x64
		{E38B3BE0-6B88-4675-BD1A-DBD676803ACF}.WinAzureTest|x64.ActiveCfg = Debug|x64
		{E38B3BE0-6B88-4675-BD1A-DBD676803ACF}.WinAzureTest|x64.Build.0 = Debug|x64
		{E38B3BE0-6B88-4675-BD1A-DBD676803ACF}.WinDebug|Any CPU.ActiveCfg = Debug|x64
		{E38B3BE0-6B88-4675-BD1A-DBD676803ACF}.WinDebug|Any CPU.Build.0 = Debug|x64
		{E38B3BE0-6B88-4675-BD1A-DBD676803ACF}.WinDebug|x64.ActiveCfg = Debug|x64
		{E38B3BE0-6B88-4675-BD1A-DBD676803ACF}.WinDebug|x64.Build.0 = Debug|x64
		{E38B3BE0-6B88-4675-BD1A-DBD676803ACF}.WinRelease|Any CPU.ActiveCfg = WinRelease|x64
		{E38B3BE0-6B88-4675-BD1A-DBD676803ACF}.WinRelease|x64.ActiveCfg = WinRelease|x64
		{E38B3BE0-6B88-4675-BD1A-DBD676803ACF}.WinRelease|x64.Build.0 = WinRelease|x64
		{1FBE4A2D-BB32-49D5-BD15-095C4BED56D6}.Debug|Any CPU.ActiveCfg = Debug|x64
		{1FBE4A2D-BB32-49D5-BD15-095C4BED56D6}.Debug|Any CPU.Build.0 = Debug|x64
		{1FBE4A2D-BB32-49D5-BD15-095C4BED56D6}.Debug|x64.ActiveCfg = Debug|x64
		{1FBE4A2D-BB32-49D5-BD15-095C4BED56D6}.Debug|x64.Build.0 = Debug|x64
		{1FBE4A2D-BB32-49D5-BD15-095C4BED56D6}.Release|Any CPU.ActiveCfg = Release|Any CPU
		{1FBE4A2D-BB32-49D5-BD15-095C4BED56D6}.Release|Any CPU.Build.0 = Release|Any CPU
		{1FBE4A2D-BB32-49D5-BD15-095C4BED56D6}.Release|x64.ActiveCfg = Release|x64
		{1FBE4A2D-BB32-49D5-BD15-095C4BED56D6}.Release|x64.Build.0 = Release|x64
		{1FBE4A2D-BB32-49D5-BD15-095C4BED56D6}.WinAzureRelease|Any CPU.ActiveCfg = Release|Any CPU
		{1FBE4A2D-BB32-49D5-BD15-095C4BED56D6}.WinAzureRelease|Any CPU.Build.0 = Release|Any CPU
		{1FBE4A2D-BB32-49D5-BD15-095C4BED56D6}.WinAzureRelease|x64.ActiveCfg = Release|Any CPU
		{1FBE4A2D-BB32-49D5-BD15-095C4BED56D6}.WinAzureTest|Any CPU.ActiveCfg = Debug|Any CPU
		{1FBE4A2D-BB32-49D5-BD15-095C4BED56D6}.WinAzureTest|Any CPU.Build.0 = Debug|Any CPU
		{1FBE4A2D-BB32-49D5-BD15-095C4BED56D6}.WinAzureTest|x64.ActiveCfg = Debug|Any CPU
		{1FBE4A2D-BB32-49D5-BD15-095C4BED56D6}.WinAzureTest|x64.Build.0 = Debug|Any CPU
		{1FBE4A2D-BB32-49D5-BD15-095C4BED56D6}.WinDebug|Any CPU.ActiveCfg = Debug|Any CPU
		{1FBE4A2D-BB32-49D5-BD15-095C4BED56D6}.WinDebug|Any CPU.Build.0 = Debug|Any CPU
		{1FBE4A2D-BB32-49D5-BD15-095C4BED56D6}.WinDebug|x64.ActiveCfg = Debug|Any CPU
		{1FBE4A2D-BB32-49D5-BD15-095C4BED56D6}.WinDebug|x64.Build.0 = Debug|Any CPU
		{1FBE4A2D-BB32-49D5-BD15-095C4BED56D6}.WinRelease|Any CPU.ActiveCfg = Release|Any CPU
		{1FBE4A2D-BB32-49D5-BD15-095C4BED56D6}.WinRelease|Any CPU.Build.0 = Release|Any CPU
		{1FBE4A2D-BB32-49D5-BD15-095C4BED56D6}.WinRelease|x64.ActiveCfg = Release|Any CPU
		{1FBE4A2D-BB32-49D5-BD15-095C4BED56D6}.WinRelease|x64.Build.0 = Release|Any CPU
		{E9CA2C01-0172-43B5-9E92-13D317B90FDC}.Debug|Any CPU.ActiveCfg = Debug|Any CPU
		{E9CA2C01-0172-43B5-9E92-13D317B90FDC}.Debug|Any CPU.Build.0 = Debug|Any CPU
		{E9CA2C01-0172-43B5-9E92-13D317B90FDC}.Debug|x64.ActiveCfg = Debug|Any CPU
		{E9CA2C01-0172-43B5-9E92-13D317B90FDC}.Debug|x64.Build.0 = Debug|Any CPU
		{E9CA2C01-0172-43B5-9E92-13D317B90FDC}.Release|Any CPU.ActiveCfg = Release|Any CPU
		{E9CA2C01-0172-43B5-9E92-13D317B90FDC}.Release|Any CPU.Build.0 = Release|Any CPU
		{E9CA2C01-0172-43B5-9E92-13D317B90FDC}.Release|x64.ActiveCfg = Release|Any CPU
		{E9CA2C01-0172-43B5-9E92-13D317B90FDC}.Release|x64.Build.0 = Release|Any CPU
		{E9CA2C01-0172-43B5-9E92-13D317B90FDC}.WinAzureRelease|Any CPU.ActiveCfg = Release|Any CPU
		{E9CA2C01-0172-43B5-9E92-13D317B90FDC}.WinAzureRelease|Any CPU.Build.0 = Release|Any CPU
		{E9CA2C01-0172-43B5-9E92-13D317B90FDC}.WinAzureRelease|x64.ActiveCfg = Release|Any CPU
		{E9CA2C01-0172-43B5-9E92-13D317B90FDC}.WinAzureRelease|x64.Build.0 = Release|Any CPU
		{E9CA2C01-0172-43B5-9E92-13D317B90FDC}.WinAzureTest|Any CPU.ActiveCfg = Debug|Any CPU
		{E9CA2C01-0172-43B5-9E92-13D317B90FDC}.WinAzureTest|Any CPU.Build.0 = Debug|Any CPU
		{E9CA2C01-0172-43B5-9E92-13D317B90FDC}.WinAzureTest|x64.ActiveCfg = Debug|Any CPU
		{E9CA2C01-0172-43B5-9E92-13D317B90FDC}.WinAzureTest|x64.Build.0 = Debug|Any CPU
		{E9CA2C01-0172-43B5-9E92-13D317B90FDC}.WinDebug|Any CPU.ActiveCfg = Debug|Any CPU
		{E9CA2C01-0172-43B5-9E92-13D317B90FDC}.WinDebug|Any CPU.Build.0 = Debug|Any CPU
		{E9CA2C01-0172-43B5-9E92-13D317B90FDC}.WinDebug|x64.ActiveCfg = Debug|Any CPU
		{E9CA2C01-0172-43B5-9E92-13D317B90FDC}.WinDebug|x64.Build.0 = Debug|Any CPU
		{E9CA2C01-0172-43B5-9E92-13D317B90FDC}.WinRelease|Any CPU.ActiveCfg = Release|Any CPU
		{E9CA2C01-0172-43B5-9E92-13D317B90FDC}.WinRelease|Any CPU.Build.0 = Release|Any CPU
		{E9CA2C01-0172-43B5-9E92-13D317B90FDC}.WinRelease|x64.ActiveCfg = Release|Any CPU
		{E9CA2C01-0172-43B5-9E92-13D317B90FDC}.WinRelease|x64.Build.0 = Release|Any CPU
	EndGlobalSection
	GlobalSection(SolutionProperties) = preSolution
		HideSolutionNode = FALSE
	EndGlobalSection
	GlobalSection(ExtensibilityGlobals) = postSolution
		SolutionGuid = {BACA3173-123A-4FAC-B620-03E3A92DB65C}
	EndGlobalSection
EndGlobal
